{
  "name": "spark-translation-worker",
  "version": "1.0.0",
  "lockfileVersion": 3,
  "requires": true,
  "packages": {
    "": {
      "name": "spark-translation-worker",
      "version": "1.0.0",
      "dependencies": {
        "@azure/cosmos": "^4.9.3",
        "@azure/storage-blob": "^12.31.0",
        "@libsql/client": "^0.17.3",
        "ioredis": "^5.10.1"
      },
      "devDependencies": {
        "@types/node": "^22.18.8",
        "tsx": "^4.19.4",
        "typescript": "^5.9.3"
      }
    },
    "node_modules/@azure-rest/core-client": {
      "version": "2.6.0",
      "resolved": "https://registry.npmjs.org/@azure-rest/core-client/-/core-client-2.6.0.tgz",
      "integrity": "sha512-iuFKDm8XPzNxPfRjhyU5/xKZmcRDzSuEghXDHHk4MjBV/wFL34GmYVBZnn9wmuoLBeS1qAw9ceMdaeJBPcB1QQ==",
      "license": "MIT",
      "dependencies": {
        "@azure/abort-controller": "^2.1.2",
        "@azure/core-auth": "^1.10.0",
        "@azure/core-rest-pipeline": "^1.22.0",
        "@azure/core-tracing": "^1.3.0",
        "@typespec/ts-http-runtime": "^0.3.0",
        "tslib": "^2.6.2"
      },
      "engines": {
        "node": ">=20.0.0"
      }
    },
    "node_modules/@azure/abort-controller": {
      "version": "2.1.2",
      "resolved": "https://registry.npmjs.org/@azure/abort-controller/-/abort-controller-2.1.2.tgz",
      "integrity": "sha512-nBrLsEWm4J2u5LpAPjxADTlq3trDgVZZXHNKabeXZtpq3d3AbN/KGO82R87rdDz5/lYB024rtEf10/q0urNgsA==",
      "license": "MIT",
      "dependencies": {
        "tslib": "^2.6.2"
      },
      "engines": {
        "node": ">=18.0.0"
      }
    },
    "node_modules/@azure/core-auth": {
      "version": "1.10.1",
      "resolved": "https://registry.npmjs.org/@azure/core-auth/-/core-auth-1.10.1.tgz",
      "integrity": "sha512-ykRMW8PjVAn+RS6ww5cmK9U2CyH9p4Q88YJwvUslfuMmN98w/2rdGRLPqJYObapBCdzBVeDgYWdJnFPFb7qzpg==",
      "license": "MIT",
      "dependencies": {
        "@azure/abort-controller": "^2.1.2",
        "@azure/core-util": "^1.13.0",
        "tslib": "^2.6.2"
      },
      "engines": {
        "node": ">=20.0.0"
      }
    },
    "node_modules/@azure/core-client": {
      "version": "1.10.1",
      "resolved": "https://registry.npmjs.org/@azure/core-client/-/core-client-1.10.1.tgz",
      "integrity": "sha512-Nh5PhEOeY6PrnxNPsEHRr9eimxLwgLlpmguQaHKBinFYA/RU9+kOYVOQqOrTsCL+KSxrLLl1gD8Dk5BFW/7l/w==",
      "license": "MIT",
      "dependencies": {
        "@azure/abort-controller": "^2.1.2",
        "@azure/core-auth": "^1.10.0",
        "@azure/core-rest-pipeline": "^1.22.0",
        "@azure/core-tracing": "^1.3.0",
        "@azure/core-util": "^1.13.0",
        "@azure/logger": "^1.3.0",
        "tslib": "^2.6.2"
      },
      "engines": {
        "node": ">=20.0.0"
      }
    },
    "node_modules/@azure/core-http-compat": {
      "version": "2.4.0",
      "resolved": "https://registry.npmjs.org/@azure/core-http-compat/-/core-http-compat-2.4.0.tgz",
      "integrity": "sha512-f1P96IB399YiN2ARYHP7EpZi3Bf3wH4SN2lGzrw7JVwm7bbsVYtf2iKSBwTywD2P62NOPZGHFSZi+6jjb75JuA==",
      "license": "MIT",
      "dependencies": {
        "@azure/abort-controller": "^2.1.2"
      },
      "engines": {
        "node": ">=20.0.0"
      },
      "peerDependencies": {
        "@azure/core-client": "^1.10.0",
        "@azure/core-rest-pipeline": "^1.22.0"
      }
    },
    "node_modules/@azure/core-lro": {
      "version": "2.7.2",
      "resolved": "https://registry.npmjs.org/@azure/core-lro/-/core-lro-2.7.2.tgz",
      "integrity": "sha512-0YIpccoX8m/k00O7mDDMdJpbr6mf1yWo2dfmxt5A8XVZVVMz2SSKaEbMCeJRvgQ0IaSlqhjT47p4hVIRRy90xw==",
      "license": "MIT",
      "dependencies": {
        "@azure/abort-controller": "^2.0.0",
        "@azure/core-util": "^1.2.0",
        "@azure/logger": "^1.0.0",
        "tslib": "^2.6.2"
      },
      "engines": {
        "node": ">=18.0.0"
      }
    },
    "node_modules/@azure/core-paging": {
      "version": "1.6.2",
      "resolved": "https://registry.npmjs.org/@azure/core-paging/-/core-paging-1.6.2.tgz",
      "integrity": "sha512-YKWi9YuCU04B55h25cnOYZHxXYtEvQEbKST5vqRga7hWY9ydd3FZHdeQF8pyh+acWZvppw13M/LMGx0LABUVMA==",
      "license": "MIT",
      "dependencies": {
        "tslib": "^2.6.2"
      },
      "engines": {
        "node": ">=18.0.0"
      }
    },
    "node_modules/@azure/core-rest-pipeline": {
      "version": "1.23.0",
      "resolved": "https://registry.npmjs.org/@azure/core-rest-pipeline/-/core-rest-pipeline-1.23.0.tgz",
      "integrity": "sha512-Evs1INHo+jUjwHi1T6SG6Ua/LHOQBCLuKEEE6efIpt4ZOoNonaT1kP32GoOcdNDbfqsD2445CPri3MubBy5DEQ==",
      "license": "MIT",
      "dependencies": {
        "@azure/abort-controller": "^2.1.2",
        "@azure/core-auth": "^1.10.0",
        "@azure/core-tracing": "^1.3.0",
        "@azure/core-util": "^1.13.0",
        "@azure/logger": "^1.3.0",
        "@typespec/ts-http-runtime": "^0.3.4",
        "tslib": "^2.6.2"
      },
      "engines": {
        "node": ">=20.0.0"
      }
    },
    "node_modules/@azure/core-tracing": {
      "version": "1.3.1",
      "resolved": "https://registry.npmjs.org/@azure/core-tracing/-/core-tracing-1.3.1.tgz",
      "integrity": "sha512-9MWKevR7Hz8kNzzPLfX4EAtGM2b8mr50HPDBvio96bURP/9C+HjdH3sBlLSNNrvRAr5/k/svoH457gB5IKpmwQ==",
      "license": "MIT",
      "dependencies": {
        "tslib": "^2.6.2"
      },
      "engines": {
        "node": ">=20.0.0"
      }
    },
    "node_modules/@azure/core-util": {
      "version": "1.13.1",
      "resolved": "https://registry.npmjs.org/@azure/core-util/-/core-util-1.13.1.tgz",
      "integrity": "sha512-XPArKLzsvl0Hf0CaGyKHUyVgF7oDnhKoP85Xv6M4StF/1AhfORhZudHtOyf2s+FcbuQ9dPRAjB8J2KvRRMUK2A==",
      "license": "MIT",
      "dependencies": {
        "@azure/abort-controller": "^2.1.2",
        "@typespec/ts-http-runtime": "^0.3.0",
        "tslib": "^2.6.2"
      },
      "engines": {
        "node": ">=20.0.0"
      }
    },
    "node_modules/@azure/core-xml": {
      "version": "1.5.1",
      "resolved": "https://registry.npmjs.org/@azure/core-xml/-/core-xml-1.5.1.tgz",
      "integrity": "sha512-xcNRHqCoSp4AunOALEae6A8f3qATb83gSrm31Iqb01OzblvC3/W/bfXozcq78EzIdzZzuH1bZ2NvRR0TdX709w==",
      "license": "MIT",
      "dependencies": {
        "fast-xml-parser": "^5.5.9",
        "tslib": "^2.8.1"
      },
      "engines": {
        "node": ">=20.0.0"
      }
    },
    "node_modules/@azure/cosmos": {
      "version": "4.9.3",
      "resolved": "https://registry.npmjs.org/@azure/cosmos/-/cosmos-4.9.3.tgz",
      "integrity": "sha512-AWRj+yhw1lybutNcsHJ8syxWXnTLvc3CPwwdCwG1I0I71f25ZcBkxneTeoaB3X57+xl1nO+zJKUqfm0RhpGUFA==",
      "license": "MIT",
      "dependencies": {
        "@azure/abort-controller": "^2.1.2",
        "@azure/core-auth": "^1.9.0",
        "@azure/core-rest-pipeline": "^1.19.1",
        "@azure/core-tracing": "^1.2.0",
        "@azure/core-util": "^1.11.0",
        "@azure/keyvault-keys": "^4.9.0",
        "@azure/logger": "^1.1.4",
        "fast-json-stable-stringify": "^2.1.0",
        "priorityqueuejs": "^2.0.0",
        "semaphore": "^1.1.0",
        "tslib": "^2.8.1"
      },
      "engines": {
        "node": ">=20.0.0"
      }
    },
    "node_modules/@azure/keyvault-common": {
      "version": "2.1.0",
      "resolved": "https://registry.npmjs.org/@azure/keyvault-common/-/keyvault-common-2.1.0.tgz",
      "integrity": "sha512-aCDidWuKY06LWQ4x7/8TIXK6iRqTaRWRL3t7T+LC+j1b07HtoIsOxP/tU90G4jCSBn5TAyUTCtA4MS/y5Hudaw==",
      "license": "MIT",
      "dependencies": {
        "@azure-rest/core-client": "^2.3.3",
        "@azure/abort-controller": "^2.0.0",
        "@azure/core-auth": "^1.3.0",
        "@azure/core-rest-pipeline": "^1.8.0",
        "@azure/core-tracing": "^1.0.0",
        "@azure/core-util": "^1.10.0",
        "@azure/logger": "^1.1.4",
        "tslib": "^2.2.0"
      },
      "engines": {
        "node": ">=20.0.0"
      }
    },
    "node_modules/@azure/keyvault-keys": {
      "version": "4.10.0",
      "resolved": "https://registry.npmjs.org/@azure/keyvault-keys/-/keyvault-keys-4.10.0.tgz",
      "integrity": "sha512-eDT7iXoBTRZ2n3fLiftuGJFD+yjkiB1GNqzU2KbY1TLYeXeSPVTVgn2eJ5vmRTZ11978jy2Kg2wI7xa9Tyr8ag==",
      "license": "MIT",
      "dependencies": {
        "@azure-rest/core-client": "^2.3.3",
        "@azure/abort-controller": "^2.1.2",
        "@azure/core-auth": "^1.9.0",
        "@azure/core-http-compat": "^2.2.0",
        "@azure/core-lro": "^2.7.2",
        "@azure/core-paging": "^1.6.2",
        "@azure/core-rest-pipeline": "^1.19.0",
        "@azure/core-tracing": "^1.2.0",
        "@azure/core-util": "^1.11.0",
        "@azure/keyvault-common": "^2.0.0",
        "@azure/logger": "^1.1.4",
        "tslib": "^2.8.1"
      },
      "engines": {
        "node": ">=18.0.0"
      }
    },
    "node_modules/@azure/logger": {
      "version": "1.3.0",
      "resolved": "https://registry.npmjs.org/@azure/logger/-/logger-1.3.0.tgz",
      "integrity": "sha512-fCqPIfOcLE+CGqGPd66c8bZpwAji98tZ4JI9i/mlTNTlsIWslCfpg48s/ypyLxZTump5sypjrKn2/kY7q8oAbA==",
      "license": "MIT",
      "dependencies": {
        "@typespec/ts-http-runtime": "^0.3.0",
        "tslib": "^2.6.2"
      },
      "engines": {
        "node": ">=20.0.0"
      }
    },
    "node_modules/@azure/storage-blob": {
      "version": "12.31.0",
      "resolved": "https://registry.npmjs.org/@azure/storage-blob/-/storage-blob-12.31.0.tgz",
      "integrity": "sha512-DBgNv10aCSxopt92DkTDD0o9xScXeBqPKGmR50FPZQaEcH4JLQ+GEOGEDv19V5BMkB7kxr+m4h6il/cCDPvmHg==",
      "license": "MIT",
      "dependencies": {
        "@azure/abort-controller": "^2.1.2",
        "@azure/core-auth": "^1.9.0",
        "@azure/core-client": "^1.9.3",
        "@azure/core-http-compat": "^2.2.0",
        "@azure/core-lro": "^2.2.0",
        "@azure/core-paging": "^1.6.2",
        "@azure/core-rest-pipeline": "^1.19.1",
        "@azure/core-tracing": "^1.2.0",
        "@azure/core-util": "^1.11.0",
        "@azure/core-xml": "^1.4.5",
        "@azure/logger": "^1.1.4",
        "@azure/storage-common": "^12.3.0",
        "events": "^3.0.0",
        "tslib": "^2.8.1"
      },
      "engines": {
        "node": ">=20.0.0"
      }
    },
    "node_modules/@azure/storage-common": {
      "version": "12.3.0",
      "resolved": "https://registry.npmjs.org/@azure/storage-common/-/storage-common-12.3.0.tgz",
      "integrity": "sha512-/OFHhy86aG5Pe8dP5tsp+BuJ25JOAl9yaMU3WZbkeoiFMHFtJ7tu5ili7qEdBXNW9G5lDB19trwyI6V49F/8iQ==",
      "license": "MIT",
      "dependencies": {
        "@azure/abort-controller": "^2.1.2",
        "@azure/core-auth": "^1.9.0",
        "@azure/core-http-compat": "^2.2.0",
        "@azure/core-rest-pipeline": "^1.19.1",
        "@azure/core-tracing": "^1.2.0",
        "@azure/core-util": "^1.11.0",
        "@azure/logger": "^1.1.4",
        "events": "^3.3.0",
        "tslib": "^2.8.1"
      },
      "engines": {
        "node": ">=20.0.0"
      }
    },
    "node_modules/@esbuild/aix-ppc64": {
      "version": "0.28.0",
      "resolved": "https://registry.npmjs.org/@esbuild/aix-ppc64/-/aix-ppc64-0.28.0.tgz",
      "integrity": "sha512-lhRUCeuOyJQURhTxl4WkpFTjIsbDayJHih5kZC1giwE+MhIzAb7mEsQMqMf18rHLsrb5qI1tafG20mLxEWcWlA==",
      "cpu": [
        "ppc64"
      ],
      "dev": true,
      "license": "MIT",
      "optional": true,
      "os": [
        "aix"
      ],
      "engines": {
        "node": ">=18"
      }
    },
    "node_modules/@esbuild/android-arm": {
      "version": "0.28.0",
      "resolved": "https://registry.npmjs.org/@esbuild/android-arm/-/android-arm-0.28.0.tgz",
      "integrity": "sha512-wqh0ByljabXLKHeWXYLqoJ5jKC4XBaw6Hk08OfMrCRd2nP2ZQ5eleDZC41XHyCNgktBGYMbqnrJKq/K/lzPMSQ==",
      "cpu": [
        "arm"
      ],
      "dev": true,
      "license": "MIT",
      "optional": true,
      "os": [
        "android"
      ],
      "engines": {
        "node": ">=18"
      }
    },
    "node_modules/@esbuild/android-arm64": {
      "version": "0.28.0",
      "resolved": "https://registry.npmjs.org/@esbuild/android-arm64/-/android-arm64-0.28.0.tgz",
      "integrity": "sha512-+WzIXQOSaGs33tLEgYPYe/yQHf0WTU0X42Jca3y8NWMbUVhp7rUnw+vAsRC/QiDrdD31IszMrZy+qwPOPjd+rw==",
      "cpu": [
        "arm64"
      ],
      "dev": true,
      "license": "MIT",
      "optional": true,
      "os": [
        "android"
      ],
      "engines": {
        "node": ">=18"
      }
    },
    "node_modules/@esbuild/android-x64": {
      "version": "0.28.0",
      "resolved": "https://registry.npmjs.org/@esbuild/android-x64/-/android-x64-0.28.0.tgz",
      "integrity": "sha512-+VJggoaKhk2VNNqVL7f6S189UzShHC/mR9EE8rDdSkdpN0KflSwWY/gWjDrNxxisg8Fp1ZCD9jLMo4m0OUfeUA==",
      "cpu": [
        "x64"
      ],
      "dev": true,
      "license": "MIT",
      "optional": true,
      "os": [
        "android"
      ],
      "engines": {
        "node": ">=18"
      }
    },
    "node_modules/@esbuild/darwin-arm64": {
      "version": "0.28.0",
      "resolved": "https://registry.npmjs.org/@esbuild/darwin-arm64/-/darwin-arm64-0.28.0.tgz",
      "integrity": "sha512-0T+A9WZm+bZ84nZBtk1ckYsOvyA3x7e2Acj1KdVfV4/2tdG4fzUp91YHx+GArWLtwqp77pBXVCPn2We7Letr0Q==",
      "cpu": [
        "arm64"
      ],
      "dev": true,
      "license": "MIT",
      "optional": true,
      "os": [
        "darwin"
      ],
      "engines": {
        "node": ">=18"
      }
    },
    "node_modules/@esbuild/darwin-x64": {
      "version": "0.28.0",
      "resolved": "https://registry.npmjs.org/@esbuild/darwin-x64/-/darwin-x64-0.28.0.tgz",
      "integrity": "sha512-fyzLm/DLDl/84OCfp2f/XQ4flmORsjU7VKt8HLjvIXChJoFFOIL6pLJPH4Yhd1n1gGFF9mPwtlN5Wf82DZs+LQ==",
      "cpu": [
        "x64"
      ],
      "dev": true,
      "license": "MIT",
      "optional": true,
      "os": [
        "darwin"
      ],
      "engines": {
        "node": ">=18"
      }
    },
    "node_modules/@esbuild/freebsd-arm64": {
      "version": "0.28.0",
      "resolved": "https://registry.npmjs.org/@esbuild/freebsd-arm64/-/freebsd-arm64-0.28.0.tgz",
      "integrity": "sha512-l9GeW5UZBT9k9brBYI+0WDffcRxgHQD8ShN2Ur4xWq/NFzUKm3k5lsH4PdaRgb2w7mI9u61nr2gI2mLI27Nh3Q==",
      "cpu": [
        "arm64"
      ],
      "dev": true,
      "license": "MIT",
      "optional": true,
      "os": [
        "freebsd"
      ],
      "engines": {
        "node": ">=18"
      }
    },
    "node_modules/@esbuild/freebsd-x64": {
      "version": "0.28.0",
      "resolved": "https://registry.npmjs.org/@esbuild/freebsd-x64/-/freebsd-x64-0.28.0.tgz",
      "integrity": "sha512-BXoQai/A0wPO6Es3yFJ7APCiKGc1tdAEOgeTNy3SsB491S3aHn4S4r3e976eUnPdU+NbdtmBuLncYir2tMU9Nw==",
      "cpu": [
        "x64"
      ],
      "dev": true,
      "license": "MIT",
      "optional": true,
      "os": [
        "freebsd"
      ],
      "engines": {
        "node": ">=18"
      }
    },
    "node_modules/@esbuild/linux-arm": {
      "version": "0.28.0",
      "resolved": "https://registry.npmjs.org/@esbuild/linux-arm/-/linux-arm-0.28.0.tgz",
      "integrity": "sha512-CjaaREJagqJp7iTaNQjjidaNbCKYcd4IDkzbwwxtSvjI7NZm79qiHc8HqciMddQ6CKvJT6aBd8lO9kN/ZudLlw==",
      "cpu": [
        "arm"
      ],
      "dev": true,
      "license": "MIT",
      "optional": true,
      "os": [
        "linux"
      ],
      "engines": {
        "node": ">=18"
      }
    },
    "node_modules/@esbuild/linux-arm64": {
      "version": "0.28.0",
      "resolved": "https://registry.npmjs.org/@esbuild/linux-arm64/-/linux-arm64-0.28.0.tgz",
      "integrity": "sha512-RVyzfb3FWsGA55n6WY0MEIEPURL1FcbhFE6BffZEMEekfCzCIMtB5yyDcFnVbTnwk+CLAgTujmV/Lgvih56W+A==",
      "cpu": [
        "arm64"
      ],
      "dev": true,
      "license": "MIT",
      "optional": true,
      "os": [
        "linux"
      ],
      "engines": {
        "node": ">=18"
      }
    },
    "node_modules/@esbuild/linux-ia32": {
      "version": "0.28.0",
      "resolved": "https://registry.npmjs.org/@esbuild/linux-ia32/-/linux-ia32-0.28.0.tgz",
      "integrity": "sha512-KBnSTt1kxl9x70q+ydterVdl+Cn0H18ngRMRCEQfrbqdUuntQQ0LoMZv47uB97NljZFzY6HcfqEZ2SAyIUTQBQ==",
      "cpu": [
        "ia32"
      ],
      "dev": true,
      "license": "MIT",
      "optional": true,
      "os": [
        "linux"
      ],
      "engines": {
        "node": ">=18"
      }
    },
    "node_modules/@esbuild/linux-loong64": {
      "version": "0.28.0",
      "resolved": "https://registry.npmjs.org/@esbuild/linux-loong64/-/linux-loong64-0.28.0.tgz",
      "integrity": "sha512-zpSlUce1mnxzgBADvxKXX5sl8aYQHo2ezvMNI8I0lbblJtp8V4odlm3Yzlj7gPyt3T8ReksE6bK+pT3WD+aJRg==",
      "cpu": [
        "loong64"
      ],
      "dev": true,
      "license": "MIT",
      "optional": true,
      "os": [
        "linux"
      ],
      "engines": {
        "node": ">=18"
      }
    },
    "node_modules/@esbuild/linux-mips64el": {
      "version": "0.28.0",
      "resolved": "https://registry.npmjs.org/@esbuild/linux-mips64el/-/linux-mips64el-0.28.0.tgz",
      "integrity": "sha512-2jIfP6mmjkdmeTlsX/9vmdmhBmKADrWqN7zcdtHIeNSCH1SqIoNI63cYsjQR8J+wGa4Y5izRcSHSm8K3QWmk3w==",
      "cpu": [
        "mips64el"
      ],
      "dev": true,
      "license": "MIT",
      "optional": true,
      "os": [
        "linux"
      ],
      "engines": {
        "node": ">=18"
      }
    },
    "node_modules/@esbuild/linux-ppc64": {
      "version": "0.28.0",
      "resolved": "https://registry.npmjs.org/@esbuild/linux-ppc64/-/linux-ppc64-0.28.0.tgz",
      "integrity": "sha512-bc0FE9wWeC0WBm49IQMPSPILRocGTQt3j5KPCA8os6VprfuJ7KD+5PzESSrJ6GmPIPJK965ZJHTUlSA6GNYEhg==",
      "cpu": [
        "ppc64"
      ],
      "dev": true,
      "license": "MIT",
      "optional": true,
      "os": [
        "linux"
      ],
      "engines": {
        "node": ">=18"
      }
    },
    "node_modules/@esbuild/linux-riscv64": {
      "version": "0.28.0",
      "resolved": "https://registry.npmjs.org/@esbuild/linux-riscv64/-/linux-riscv64-0.28.0.tgz",
      "integrity": "sha512-SQPZOwoTTT/HXFXQJG/vBX8sOFagGqvZyXcgLA3NhIqcBv1BJU1d46c0rGcrij2B56Z2rNiSLaZOYW5cUk7yLQ==",
      "cpu": [
        "riscv64"
      ],
      "dev": true,
      "license": "MIT",
      "optional": true,
      "os": [
        "linux"
      ],
      "engines": {
        "node": ">=18"
      }
    },
    "node_modules/@esbuild/linux-s390x": {
      "version": "0.28.0",
      "resolved": "https://registry.npmjs.org/@esbuild/linux-s390x/-/linux-s390x-0.28.0.tgz",
      "integrity": "sha512-SCfR0HN8CEEjnYnySJTd2cw0k9OHB/YFzt5zgJEwa+wL/T/raGWYMBqwDNAC6dqFKmJYZoQBRfHjgwLHGSrn3Q==",
      "cpu": [
        "s390x"
      ],
      "dev": true,
      "license": "MIT",
      "optional": true,
      "os": [
        "linux"
      ],
      "engines": {
        "node": ">=18"
      }
    },
    "node_modules/@esbuild/linux-x64": {
      "version": "0.28.0",
      "resolved": "https://registry.npmjs.org/@esbuild/linux-x64/-/linux-x64-0.28.0.tgz",
      "integrity": "sha512-us0dSb9iFxIi8srnpl931Nvs65it/Jd2a2K3qs7fz2WfGPHqzfzZTfec7oxZJRNPXPnNYZtanmRc4AL/JwVzHQ==",
      "cpu": [
        "x64"
      ],
      "dev": true,
      "license": "MIT",
      "optional": true,
      "os": [
        "linux"
      ],
      "engines": {
        "node": ">=18"
      }
    },
    "node_modules/@esbuild/netbsd-arm64": {
      "version": "0.28.0",
      "resolved": "https://registry.npmjs.org/@esbuild/netbsd-arm64/-/netbsd-arm64-0.28.0.tgz",
      "integrity": "sha512-CR/RYotgtCKwtftMwJlUU7xCVNg3lMYZ0RzTmAHSfLCXw3NtZtNpswLEj/Kkf6kEL3Gw+BpOekRX0BYCtklhUw==",
      "cpu": [
        "arm64"
      ],
      "dev": true,
      "license": "MIT",
      "optional": true,
      "os": [
        "netbsd"
      ],
      "engines": {
        "node": ">=18"
      }
    },
    "node_modules/@esbuild/netbsd-x64": {
      "version": "0.28.0",
      "resolved": "https://registry.npmjs.org/@esbuild/netbsd-x64/-/netbsd-x64-0.28.0.tgz",
      "integrity": "sha512-nU1yhmYutL+fQ71Kxnhg8uEOdC0pwEW9entHykTgEbna2pw2dkbFSMeqjjyHZoCmt8SBkOSvV+yNmm94aUrrqw==",
      "cpu": [
        "x64"
      ],
      "dev": true,
      "license": "MIT",
      "optional": true,
      "os": [
        "netbsd"
      ],
      "engines": {
        "node": ">=18"
      }
    },
    "node_modules/@esbuild/openbsd-arm64": {
      "version": "0.28.0",
      "resolved": "https://registry.npmjs.org/@esbuild/openbsd-arm64/-/openbsd-arm64-0.28.0.tgz",
      "integrity": "sha512-cXb5vApOsRsxsEl4mcZ1XY3D4DzcoMxR/nnc4IyqYs0rTI8ZKmW6kyyg+11Z8yvgMfAEldKzP7AdP64HnSC/6g==",
      "cpu": [
        "arm64"
      ],
      "dev": true,
      "license": "MIT",
      "optional": true,
      "os": [
        "openbsd"
      ],
      "engines": {
        "node": ">=18"
      }
    },
    "node_modules/@esbuild/openbsd-x64": {
      "version": "0.28.0",
      "resolved": "https://registry.npmjs.org/@esbuild/openbsd-x64/-/openbsd-x64-0.28.0.tgz",
      "integrity": "sha512-8wZM2qqtv9UP3mzy7HiGYNH/zjTA355mpeuA+859TyR+e+Tc08IHYpLJuMsfpDJwoLo1ikIJI8jC3GFjnRClzA==",
      "cpu": [
        "x64"
      ],
      "dev": true,
      "license": "MIT",
      "optional": true,
      "os": [
        "openbsd"
      ],
      "engines": {
        "node": ">=18"
      }
    },
    "node_modules/@esbuild/openharmony-arm64": {
      "version": "0.28.0",
      "resolved": "https://registry.npmjs.org/@esbuild/openharmony-arm64/-/openharmony-arm64-0.28.0.tgz",
      "integrity": "sha512-FLGfyizszcef5C3YtoyQDACyg95+dndv79i2EekILBofh5wpCa1KuBqOWKrEHZg3zrL3t5ouE5jgr94vA+Wb2w==",
      "cpu": [
        "arm64"
      ],
      "dev": true,
      "license": "MIT",
      "optional": true,
      "os": [
        "openharmony"
      ],
      "engines": {
        "node": ">=18"
      }
    },
    "node_modules/@esbuild/sunos-x64": {
      "version": "0.28.0",
      "resolved": "https://registry.npmjs.org/@esbuild/sunos-x64/-/sunos-x64-0.28.0.tgz",
      "integrity": "sha512-1ZgjUoEdHZZl/YlV76TSCz9Hqj9h9YmMGAgAPYd+q4SicWNX3G5GCyx9uhQWSLcbvPW8Ni7lj4gDa1T40akdlw==",
      "cpu": [
        "x64"
      ],
      "dev": true,
      "license": "MIT",
      "optional": true,
      "os": [
        "sunos"
      ],
      "engines": {
        "node": ">=18"
      }
    },
    "node_modules/@esbuild/win32-arm64": {
      "version": "0.28.0",
      "resolved": "https://registry.npmjs.org/@esbuild/win32-arm64/-/win32-arm64-0.28.0.tgz",
      "integrity": "sha512-Q9StnDmQ/enxnpxCCLSg0oo4+34B9TdXpuyPeTedN/6+iXBJ4J+zwfQI28u/Jl40nOYAxGoNi7mFP40RUtkmUA==",
      "cpu": [
        "arm64"
      ],
      "dev": true,
      "license": "MIT",
      "optional": true,
      "os": [
        "win32"
      ],
      "engines": {
        "node": ">=18"
      }
    },
    "node_modules/@esbuild/win32-ia32": {
      "version": "0.28.0",
      "resolved": "https://registry.npmjs.org/@esbuild/win32-ia32/-/win32-ia32-0.28.0.tgz",
      "integrity": "sha512-zF3ag/gfiCe6U2iczcRzSYJKH1DCI+ByzSENHlM2FcDbEeo5Zd2C86Aq0tKUYAJJ1obRP84ymxIAksZUcdztHA==",
      "cpu": [
        "ia32"
      ],
      "dev": true,
      "license": "MIT",
      "optional": true,
      "os": [
        "win32"
      ],
      "engines": {
        "node": ">=18"
      }
    },
    "node_modules/@esbuild/win32-x64": {
      "version": "0.28.0",
      "resolved": "https://registry.npmjs.org/@esbuild/win32-x64/-/win32-x64-0.28.0.tgz",
      "integrity": "sha512-pEl1bO9mfAmIC+tW5btTmrKaujg3zGtUmWNdCw/xs70FBjwAL3o9OEKNHvNmnyylD6ubxUERiEhdsL0xBQ9efw==",
      "cpu": [
        "x64"
      ],
      "dev": true,
      "license": "MIT",
      "optional": true,
      "os": [
        "win32"
      ],
      "engines": {
        "node": ">=18"
      }
    },
    "node_modules/@ioredis/commands": {
      "version": "1.5.1",
      "resolved": "https://registry.npmjs.org/@ioredis/commands/-/commands-1.5.1.tgz",
      "integrity": "sha512-JH8ZL/ywcJyR9MmJ5BNqZllXNZQqQbnVZOqpPQqE1vHiFgAw4NHbvE0FOduNU8IX9babitBT46571OnPTT0Zcw==",
      "license": "MIT"
    },
    "node_modules/@libsql/client": {
      "version": "0.17.3",
      "resolved": "https://registry.npmjs.org/@libsql/client/-/client-0.17.3.tgz",
      "integrity": "sha512-HXk9wiAoJbKFbyBH4O+aEhN6ir5ERXuXvwE5OD2eR4/5RUa3Pw/8L9zrnVdU+iNJitRvisPWaIwmhkO3bH7giA==",
      "license": "MIT",
      "dependencies": {
        "@libsql/core": "^0.17.3",
        "@libsql/hrana-client": "^0.10.0",
        "js-base64": "^3.7.5",
        "libsql": "^0.5.28",
        "promise-limit": "^2.7.0"
      }
    },
    "node_modules/@libsql/core": {
      "version": "0.17.3",
      "resolved": "https://registry.npmjs.org/@libsql/core/-/core-0.17.3.tgz",
      "integrity": "sha512-2UjK1i7JBkMduJo4WdvvBxMMvVJ31pArBZNONyz/GCJJAH+1UHat2X6vn10S/WpY5fKzIT98WqYFl2vzWRLOfg==",
      "license": "MIT",
      "dependencies": {
        "js-base64": "^3.7.5"
      }
    },
    "node_modules/@libsql/darwin-arm64": {
      "version": "0.5.29",
      "resolved": "https://registry.npmjs.org/@libsql/darwin-arm64/-/darwin-arm64-0.5.29.tgz",
      "integrity": "sha512-K+2RIB1OGFPYQbfay48GakLhqf3ArcbHqPFu7EZiaUcRgFcdw8RoltsMyvbj5ix2fY0HV3Q3Ioa/ByvQdaSM0A==",
      "cpu": [
        "arm64"
      ],
      "license": "MIT",
      "optional": true,
      "os": [
        "darwin"
      ]
    },
    "node_modules/@libsql/darwin-x64": {
      "version": "0.5.29",
      "resolved": "https://registry.npmjs.org/@libsql/darwin-x64/-/darwin-x64-0.5.29.tgz",
      "integrity": "sha512-OtT+KFHsKFy1R5FVadr8FJ2Bb1mghtXTyJkxv0trocq7NuHntSki1eUbxpO5ezJesDvBlqFjnWaYYY516QNLhQ==",
      "cpu": [
        "x64"
      ],
      "license": "MIT",
      "optional": true,
      "os": [
        "darwin"
      ]
    },
    "node_modules/@libsql/hrana-client": {
      "version": "0.10.0",
      "resolved": "https://registry.npmjs.org/@libsql/hrana-client/-/hrana-client-0.10.0.tgz",
      "integrity": "sha512-OoA4EMqRAC7kn7V2P6EQqRcpZf2W+AjsNIyCizBg339Tq/aMC7sRnzs3SklderhmQWAqEzvv8A2vhxVmWpkVvw==",
      "license": "MIT",
      "dependencies": {
        "@libsql/isomorphic-ws": "^0.1.5",
        "js-base64": "^3.7.5"
      }
    },
    "node_modules/@libsql/isomorphic-ws": {
      "version": "0.1.5",
      "resolved": "https://registry.npmjs.org/@libsql/isomorphic-ws/-/isomorphic-ws-0.1.5.tgz",
      "integrity": "sha512-DtLWIH29onUYR00i0GlQ3UdcTRC6EP4u9w/h9LxpUZJWRMARk6dQwZ6Jkd+QdwVpuAOrdxt18v0K2uIYR3fwFg==",
      "license": "MIT",
      "dependencies": {
        "@types/ws": "^8.5.4",
        "ws": "^8.13.0"
      }
    },
    "node_modules/@libsql/linux-arm-gnueabihf": {
      "version": "0.5.29",
      "resolved": "https://registry.npmjs.org/@libsql/linux-arm-gnueabihf/-/linux-arm-gnueabihf-0.5.29.tgz",
      "integrity": "sha512-CD4n4zj7SJTHso4nf5cuMoWoMSS7asn5hHygsDuhRl8jjjCTT3yE+xdUvI4J7zsyb53VO5ISh4cwwOtf6k2UhQ==",
      "cpu": [
        "arm"
      ],
      "license": "MIT",
      "optional": true,
      "os": [
        "linux"
      ]
    },
    "node_modules/@libsql/linux-arm-musleabihf": {
      "version": "0.5.29",
      "resolved": "https://registry.npmjs.org/@libsql/linux-arm-musleabihf/-/linux-arm-musleabihf-0.5.29.tgz",
      "integrity": "sha512-2Z9qBVpEJV7OeflzIR3+l5yAd4uTOLxklScYTwpZnkm2vDSGlC1PRlueLaufc4EFITkLKXK2MWBpexuNJfMVcg==",
      "cpu": [
        "arm"
      ],
      "license": "MIT",
      "optional": true,
      "os": [
        "linux"
      ]
    },
    "node_modules/@libsql/linux-arm64-gnu": {
      "version": "0.5.29",
      "resolved": "https://registry.npmjs.org/@libsql/linux-arm64-gnu/-/linux-arm64-gnu-0.5.29.tgz",
      "integrity": "sha512-gURBqaiXIGGwFNEaUj8Ldk7Hps4STtG+31aEidCk5evMMdtsdfL3HPCpvys+ZF/tkOs2MWlRWoSq7SOuCE9k3w==",
      "cpu": [
        "arm64"
      ],
      "license": "MIT",
      "optional": true,
      "os": [
        "linux"
      ]
    },
    "node_modules/@libsql/linux-arm64-musl": {
      "version": "0.5.29",
      "resolved": "https://registry.npmjs.org/@libsql/linux-arm64-musl/-/linux-arm64-musl-0.5.29.tgz",
      "integrity": "sha512-fwgYZ0H8mUkyVqXZHF3mT/92iIh1N94Owi/f66cPVNsk9BdGKq5gVpoKO+7UxaNzuEH1roJp2QEwsCZMvBLpqg==",
      "cpu": [
        "arm64"
      ],
      "license": "MIT",
      "optional": true,
      "os": [
        "linux"
      ]
    },
    "node_modules/@libsql/linux-x64-gnu": {
      "version": "0.5.29",
      "resolved": "https://registry.npmjs.org/@libsql/linux-x64-gnu/-/linux-x64-gnu-0.5.29.tgz",
      "integrity": "sha512-y14V0vY0nmMC6G0pHeJcEarcnGU2H6cm21ZceRkacWHvQAEhAG0latQkCtoS2njFOXiYIg+JYPfAoWKbi82rkg==",
      "cpu": [
        "x64"
      ],
      "license": "MIT",
      "optional": true,
      "os": [
        "linux"
      ]
    },
    "node_modules/@libsql/linux-x64-musl": {
      "version": "0.5.29",
      "resolved": "https://registry.npmjs.org/@libsql/linux-x64-musl/-/linux-x64-musl-0.5.29.tgz",
      "integrity": "sha512-gquqwA/39tH4pFl+J9n3SOMSymjX+6kZ3kWgY3b94nXFTwac9bnFNMffIomgvlFaC4ArVqMnOZD3nuJ3H3VO1w==",
      "cpu": [
        "x64"
      ],
      "license": "MIT",
      "optional": true,
      "os": [
        "linux"
      ]
    },
    "node_modules/@libsql/win32-x64-msvc": {
      "version": "0.5.29",
      "resolved": "https://registry.npmjs.org/@libsql/win32-x64-msvc/-/win32-x64-msvc-0.5.29.tgz",
      "integrity": "sha512-4/0CvEdhi6+KjMxMaVbFM2n2Z44escBRoEYpR+gZg64DdetzGnYm8mcNLcoySaDJZNaBd6wz5DNdgRmcI4hXcg==",
      "cpu": [
        "x64"
      ],
      "license": "MIT",
      "optional": true,
      "os": [
        "win32"
      ]
    },
    "node_modules/@neon-rs/load": {
      "version": "0.0.4",
      "resolved": "https://registry.npmjs.org/@neon-rs/load/-/load-0.0.4.tgz",
      "integrity": "sha512-kTPhdZyTQxB+2wpiRcFWrDcejc4JI6tkPuS7UZCG4l6Zvc5kU/gGQ/ozvHTh1XR5tS+UlfAfGuPajjzQjCiHCw==",
      "license": "MIT"
    },
    "node_modules/@nodable/entities": {
      "version": "2.1.0",
      "resolved": "https://registry.npmjs.org/@nodable/entities/-/entities-2.1.0.tgz",
      "integrity": "sha512-nyT7T3nbMyBI/lvr6L5TyWbFJAI9FTgVRakNoBqCD+PmID8DzFrrNdLLtHMwMszOtqZa8PAOV24ZqDnQrhQINA==",
      "funding": [
        {
          "type": "github",
          "url": "https://github.com/sponsors/nodable"
        }
      ],
      "license": "MIT"
    },
    "node_modules/@types/node": {
      "version": "22.19.19",
      "resolved": "https://registry.npmjs.org/@types/node/-/node-22.19.19.tgz",
      "integrity": "sha512-dyh/xO2Fh5bYrfWaaqGrRQQGkNdmYw6AmaAUvYeUMNTWQtvb796ikLdmTchRmOlOiIJ1TDXfWgVx1QkUlQ6Hew==",
      "license": "MIT",
      "dependencies": {
        "undici-types": "~6.21.0"
      }
    },
    "node_modules/@types/ws": {
      "version": "8.18.1",
      "resolved": "https://registry.npmjs.org/@types/ws/-/ws-8.18.1.tgz",
      "integrity": "sha512-ThVF6DCVhA8kUGy+aazFQ4kXQ7E1Ty7A3ypFOe0IcJV8O/M511G99AW24irKrW56Wt44yG9+ij8FaqoBGkuBXg==",
      "license": "MIT",
      "dependencies": {
        "@types/node": "*"
      }
    },
    "node_modules/@typespec/ts-http-runtime": {
      "version": "0.3.5",
      "resolved": "https://registry.npmjs.org/@typespec/ts-http-runtime/-/ts-http-runtime-0.3.5.tgz",
      "integrity": "sha512-yURCknZhvywvQItHMMmFSo+fq5arCUIyz/CVk7jD89MSai7dkaX8ufjCWp3NttLojoTVbcE72ri+be/TnEbMHw==",
      "license": "MIT",
      "dependencies": {
        "http-proxy-agent": "^7.0.0",
        "https-proxy-agent": "^7.0.0",
        "tslib": "^2.6.2"
      },
      "engines": {
        "node": ">=20.0.0"
      }
    },
    "node_modules/agent-base": {
      "version": "7.1.4",
      "resolved": "https://registry.npmjs.org/agent-base/-/agent-base-7.1.4.tgz",
      "integrity": "sha512-MnA+YT8fwfJPgBx3m60MNqakm30XOkyIoH1y6huTQvC0PwZG7ki8NacLBcrPbNoo8vEZy7Jpuk7+jMO+CUovTQ==",
      "license": "MIT",
      "engines": {
        "node": ">= 14"
      }
    },
    "node_modules/cluster-key-slot": {
      "version": "1.1.2",
      "resolved": "https://registry.npmjs.org/cluster-key-slot/-/cluster-key-slot-1.1.2.tgz",
      "integrity": "sha512-RMr0FhtfXemyinomL4hrWcYJxmX6deFdCxpJzhDttxgO1+bcCnkk+9drydLVDmAMG7NE6aN/fl4F7ucU/90gAA==",
      "license": "Apache-2.0",
      "engines": {
        "node": ">=0.10.0"
      }
    },
    "node_modules/debug": {
      "version": "4.4.3",
      "resolved": "https://registry.npmjs.org/debug/-/debug-4.4.3.tgz",
      "integrity": "sha512-RGwwWnwQvkVfavKVt22FGLw+xYSdzARwm0ru6DhTVA3umU5hZc28V3kO4stgYryrTlLpuvgI9GiijltAjNbcqA==",
      "license": "MIT",
      "dependencies": {
        "ms": "^2.1.3"
      },
      "engines": {
        "node": ">=6.0"
      },
      "peerDependenciesMeta": {
        "supports-color": {
          "optional": true
        }
      }
    },
    "node_modules/denque": {
      "version": "2.1.0",
      "resolved": "https://registry.npmjs.org/denque/-/denque-2.1.0.tgz",
      "integrity": "sha512-HVQE3AAb/pxF8fQAoiqpvg9i3evqug3hoiwakOyZAwJm+6vZehbkYXZ0l4JxS+I3QxM97v5aaRNhj8v5oBhekw==",
      "license": "Apache-2.0",
      "engines": {
        "node": ">=0.10"
      }
    },
    "node_modules/detect-libc": {
      "version": "2.0.2",
      "resolved": "https://registry.npmjs.org/detect-libc/-/detect-libc-2.0.2.tgz",
      "integrity": "sha512-UX6sGumvvqSaXgdKGUsgZWqcUyIXZ/vZTrlRT/iobiKhGL0zL4d3osHj3uqllWJK+i+sixDS/3COVEOFbupFyw==",
      "license": "Apache-2.0",
      "engines": {
        "node": ">=8"
      }
    },
    "node_modules/esbuild": {
      "version": "0.28.0",
      "resolved": "https://registry.npmjs.org/esbuild/-/esbuild-0.28.0.tgz",
      "integrity": "sha512-sNR9MHpXSUV/XB4zmsFKN+QgVG82Cc7+/aaxJ8Adi8hyOac+EXptIp45QBPaVyX3N70664wRbTcLTOemCAnyqw==",
      "dev": true,
      "hasInstallScript": true,
      "license": "MIT",
      "bin": {
        "esbuild": "bin/esbuild"
      },
      "engines": {
        "node": ">=18"
      },
      "optionalDependencies": {
        "@esbuild/aix-ppc64": "0.28.0",
        "@esbuild/android-arm": "0.28.0",
        "@esbuild/android-arm64": "0.28.0",
        "@esbuild/android-x64": "0.28.0",
        "@esbuild/darwin-arm64": "0.28.0",
        "@esbuild/darwin-x64": "0.28.0",
        "@esbuild/freebsd-arm64": "0.28.0",
        "@esbuild/freebsd-x64": "0.28.0",
        "@esbuild/linux-arm": "0.28.0",
        "@esbuild/linux-arm64": "0.28.0",
        "@esbuild/linux-ia32": "0.28.0",
        "@esbuild/linux-loong64": "0.28.0",
        "@esbuild/linux-mips64el": "0.28.0",
        "@esbuild/linux-ppc64": "0.28.0",
        "@esbuild/linux-riscv64": "0.28.0",
        "@esbuild/linux-s390x": "0.28.0",
        "@esbuild/linux-x64": "0.28.0",
        "@esbuild/netbsd-arm64": "0.28.0",
        "@esbuild/netbsd-x64": "0.28.0",
        "@esbuild/openbsd-arm64": "0.28.0",
        "@esbuild/openbsd-x64": "0.28.0",
        "@esbuild/openharmony-arm64": "0.28.0",
        "@esbuild/sunos-x64": "0.28.0",
        "@esbuild/win32-arm64": "0.28.0",
        "@esbuild/win32-ia32": "0.28.0",
        "@esbuild/win32-x64": "0.28.0"
      }
    },
    "node_modules/events": {
      "version": "3.3.0",
      "resolved": "https://registry.npmjs.org/events/-/events-3.3.0.tgz",
      "integrity": "sha512-mQw+2fkQbALzQ7V0MY0IqdnXNOeTtP4r0lN9z7AAawCXgqea7bDii20AYrIBrFd/Hx0M2Ocz6S111CaFkUcb0Q==",
      "license": "MIT",
      "engines": {
        "node": ">=0.8.x"
      }
    },
    "node_modules/fast-json-stable-stringify": {
      "version": "2.1.0",
      "resolved": "https://registry.npmjs.org/fast-json-stable-stringify/-/fast-json-stable-stringify-2.1.0.tgz",
      "integrity": "sha512-lhd/wF+Lk98HZoTCtlVraHtfh5XYijIjalXck7saUtuanSDyLMxnHhSXEDJqHxD7msR8D0uCmqlkwjCV8xvwHw==",
      "license": "MIT"
    },
    "node_modules/fast-xml-builder": {
      "version": "1.2.0",
      "resolved": "https://registry.npmjs.org/fast-xml-builder/-/fast-xml-builder-1.2.0.tgz",
      "integrity": "sha512-00aAWieqff+ZJhsXA4g1g7M8k+7AYoMUUHF+/zFb5U6Uv/P0Vl4QZo84/IcufzYalLuEj9928bXN9PbbFzMF0Q==",
      "funding": [
        {
          "type": "github",
          "url": "https://github.com/sponsors/NaturalIntelligence"
        }
      ],
      "license": "MIT",
      "dependencies": {
        "path-expression-matcher": "^1.5.0",
        "xml-naming": "^0.1.0"
      }
    },
    "node_modules/fast-xml-parser": {
      "version": "5.8.0",
      "resolved": "https://registry.npmjs.org/fast-xml-parser/-/fast-xml-parser-5.8.0.tgz",
      "integrity": "sha512-6bIM7fsJxeo3uXv7OncQYsBAMPJ7V16Slahl/6M98C/i2q+vB1+4a0MtrvYwDFEUrwDSbAmeLDRXsOBwrL7yAg==",
      "funding": [
        {
          "type": "github",
          "url": "https://github.com/sponsors/NaturalIntelligence"
        }
      ],
      "license": "MIT",
      "dependencies": {
        "@nodable/entities": "^2.1.0",
        "fast-xml-builder": "^1.2.0",
        "path-expression-matcher": "^1.5.0",
        "strnum": "^2.3.0",
        "xml-naming": "^0.1.0"
      },
      "bin": {
        "fxparser": "src/cli/cli.js"
      }
    },
    "node_modules/fsevents": {
      "version": "2.3.3",
      "resolved": "https://registry.npmjs.org/fsevents/-/fsevents-2.3.3.tgz",
      "integrity": "sha512-5xoDfX+fL7faATnagmWPpbFtwh/R77WmMMqqHGS65C3vvB0YHrgF+B1YmZ3441tMj5n63k0212XNoJwzlhffQw==",
      "dev": true,
      "hasInstallScript": true,
      "license": "MIT",
      "optional": true,
      "os": [
        "darwin"
      ],
      "engines": {
        "node": "^8.16.0 || ^10.6.0 || >=11.0.0"
      }
    },
    "node_modules/http-proxy-agent": {
      "version": "7.0.2",
      "resolved": "https://registry.npmjs.org/http-proxy-agent/-/http-proxy-agent-7.0.2.tgz",
      "integrity": "sha512-T1gkAiYYDWYx3V5Bmyu7HcfcvL7mUrTWiM6yOfa3PIphViJ/gFPbvidQ+veqSOHci/PxBcDabeUNCzpOODJZig==",
      "license": "MIT",
      "dependencies": {
        "agent-base": "^7.1.0",
        "debug": "^4.3.4"
      },
      "engines": {
        "node": ">= 14"
      }
    },
    "node_modules/https-proxy-agent": {
      "version": "7.0.6",
      "resolved": "https://registry.npmjs.org/https-proxy-agent/-/https-proxy-agent-7.0.6.tgz",
      "integrity": "sha512-vK9P5/iUfdl95AI+JVyUuIcVtd4ofvtrOr3HNtM2yxC9bnMbEdp3x01OhQNnjb8IJYi38VlTE3mBXwcfvywuSw==",
      "license": "MIT",
      "dependencies": {
        "agent-base": "^7.1.2",
        "debug": "4"
      },
      "engines": {
        "node": ">= 14"
      }
    },
    "node_modules/ioredis": {
      "version": "5.10.1",
      "resolved": "https://registry.npmjs.org/ioredis/-/ioredis-5.10.1.tgz",
      "integrity": "sha512-HuEDBTI70aYdx1v6U97SbNx9F1+svQKBDo30o0b9fw055LMepzpOOd0Ccg9Q6tbqmBSJaMuY0fB7yw9/vjBYCA==",
      "license": "MIT",
      "dependencies": {
        "@ioredis/commands": "1.5.1",
        "cluster-key-slot": "^1.1.0",
        "debug": "^4.3.4",
        "denque": "^2.1.0",
        "lodash.defaults": "^4.2.0",
        "lodash.isarguments": "^3.1.0",
        "redis-errors": "^1.2.0",
        "redis-parser": "^3.0.0",
        "standard-as-callback": "^2.1.0"
      },
      "engines": {
        "node": ">=12.22.0"
      },
      "funding": {
        "type": "opencollective",
        "url": "https://opencollective.com/ioredis"
      }
    },
    "node_modules/js-base64": {
      "version": "3.7.8",
      "resolved": "https://registry.npmjs.org/js-base64/-/js-base64-3.7.8.tgz",
      "integrity": "sha512-hNngCeKxIUQiEUN3GPJOkz4wF/YvdUdbNL9hsBcMQTkKzboD7T/q3OYOuuPZLUE6dBxSGpwhk5mwuDud7JVAow==",
      "license": "BSD-3-Clause"
    },
    "node_modules/libsql": {
      "version": "0.5.29",
      "resolved": "https://registry.npmjs.org/libsql/-/libsql-0.5.29.tgz",
      "integrity": "sha512-8lMP8iMgiBzzoNbAPQ59qdVcj6UaE/Vnm+fiwX4doX4Narook0a4GPKWBEv+CR8a1OwbfkgL18uBfBjWdF0Fzg==",
      "cpu": [
        "x64",
        "arm64",
        "wasm32",
        "arm"
      ],
      "license": "MIT",
      "os": [
        "darwin",
        "linux",
        "win32"
      ],
      "dependencies": {
        "@neon-rs/load": "^0.0.4",
        "detect-libc": "2.0.2"
      },
      "optionalDependencies": {
        "@libsql/darwin-arm64": "0.5.29",
        "@libsql/darwin-x64": "0.5.29",
        "@libsql/linux-arm-gnueabihf": "0.5.29",
        "@libsql/linux-arm-musleabihf": "0.5.29",
        "@libsql/linux-arm64-gnu": "0.5.29",
        "@libsql/linux-arm64-musl": "0.5.29",
        "@libsql/linux-x64-gnu": "0.5.29",
        "@libsql/linux-x64-musl": "0.5.29",
        "@libsql/win32-x64-msvc": "0.5.29"
      }
    },
    "node_modules/lodash.defaults": {
      "version": "4.2.0",
      "resolved": "https://registry.npmjs.org/lodash.defaults/-/lodash.defaults-4.2.0.tgz",
      "integrity": "sha512-qjxPLHd3r5DnsdGacqOMU6pb/avJzdh9tFX2ymgoZE27BmjXrNy/y4LoaiTeAb+O3gL8AfpJGtqfX/ae2leYYQ==",
      "license": "MIT"
    },
    "node_modules/lodash.isarguments": {
      "version": "3.1.0",
      "resolved": "https://registry.npmjs.org/lodash.isarguments/-/lodash.isarguments-3.1.0.tgz",
      "integrity": "sha512-chi4NHZlZqZD18a0imDHnZPrDeBbTtVN7GXMwuGdRH9qotxAjYs3aVLKc7zNOG9eddR5Ksd8rvFEBc9SsggPpg==",
      "license": "MIT"
    },
    "node_modules/ms": {
      "version": "2.1.3",
      "resolved": "https://registry.npmjs.org/ms/-/ms-2.1.3.tgz",
      "integrity": "sha512-6FlzubTLZG3J2a/NVCAleEhjzq5oxgHyaCU9yYXvcLsvoVaHJq/s5xXI6/XXP6tz7R9xAOtHnSO/tXtF3WRTlA==",
      "license": "MIT"
    },
    "node_modules/path-expression-matcher": {
      "version": "1.5.0",
      "resolved": "https://registry.npmjs.org/path-expression-matcher/-/path-expression-matcher-1.5.0.tgz",
      "integrity": "sha512-cbrerZV+6rvdQrrD+iGMcZFEiiSrbv9Tfdkvnusy6y0x0GKBXREFg/Y65GhIfm0tnLntThhzCnfKwp1WRjeCyQ==",
      "funding": [
        {
          "type": "github",
          "url": "https://github.com/sponsors/NaturalIntelligence"
        }
      ],
      "license": "MIT",
      "engines": {
        "node": ">=14.0.0"
      }
    },
    "node_modules/priorityqueuejs": {
      "version": "2.0.0",
      "resolved": "https://registry.npmjs.org/priorityqueuejs/-/priorityqueuejs-2.0.0.tgz",
      "integrity": "sha512-19BMarhgpq3x4ccvVi8k2QpJZcymo/iFUcrhPd4V96kYGovOdTsWwy7fxChYi4QY+m2EnGBWSX9Buakz+tWNQQ==",
      "license": "MIT"
    },
    "node_modules/promise-limit": {
      "version": "2.7.0",
      "resolved": "https://registry.npmjs.org/promise-limit/-/promise-limit-2.7.0.tgz",
      "integrity": "sha512-7nJ6v5lnJsXwGprnGXga4wx6d1POjvi5Qmf1ivTRxTjH4Z/9Czja/UCMLVmB9N93GeWOU93XaFaEt6jbuoagNw==",
      "license": "ISC"
    },
    "node_modules/redis-errors": {
      "version": "1.2.0",
      "resolved": "https://registry.npmjs.org/redis-errors/-/redis-errors-1.2.0.tgz",
      "integrity": "sha512-1qny3OExCf0UvUV/5wpYKf2YwPcOqXzkwKKSmKHiE6ZMQs5heeE/c8eXK+PNllPvmjgAbfnsbpkGZWy8cBpn9w==",
      "license": "MIT",
      "engines": {
        "node": ">=4"
      }
    },
    "node_modules/redis-parser": {
      "version": "3.0.0",
      "resolved": "https://registry.npmjs.org/redis-parser/-/redis-parser-3.0.0.tgz",
      "integrity": "sha512-DJnGAeenTdpMEH6uAJRK/uiyEIH9WVsUmoLwzudwGJUwZPp80PDBWPHXSAGNPwNvIXAbe7MSUB1zQFugFml66A==",
      "license": "MIT",
      "dependencies": {
        "redis-errors": "^1.0.0"
      },
      "engines": {
        "node": ">=4"
      }
    },
    "node_modules/semaphore": {
      "version": "1.1.0",
      "resolved": "https://registry.npmjs.org/semaphore/-/semaphore-1.1.0.tgz",
      "integrity": "sha512-O4OZEaNtkMd/K0i6js9SL+gqy0ZCBMgUvlSqHKi4IBdjhe7wB8pwztUk1BbZ1fmrvpwFrPbHzqd2w5pTcJH6LA==",
      "engines": {
        "node": ">=0.8.0"
      }
    },
    "node_modules/standard-as-callback": {
      "version": "2.1.0",
      "resolved": "https://registry.npmjs.org/standard-as-callback/-/standard-as-callback-2.1.0.tgz",
      "integrity": "sha512-qoRRSyROncaz1z0mvYqIE4lCd9p2R90i6GxW3uZv5ucSu8tU7B5HXUP1gG8pVZsYNVaXjk8ClXHPttLyxAL48A==",
      "license": "MIT"
    },
    "node_modules/strnum": {
      "version": "2.3.0",
      "resolved": "https://registry.npmjs.org/strnum/-/strnum-2.3.0.tgz",
      "integrity": "sha512-ums3KNd42PGyx5xaoVTO1mjU1bH3NpY4vsrVlnv9PNGqQj8wd7rJ6nEypLrJ7z5vxK5RP0yMLo6J/Gsm62DI5Q==",
      "funding": [
        {
          "type": "github",
          "url": "https://github.com/sponsors/NaturalIntelligence"
        }
      ],
      "license": "MIT"
    },
    "node_modules/tslib": {
      "version": "2.8.1",
      "resolved": "https://registry.npmjs.org/tslib/-/tslib-2.8.1.tgz",
      "integrity": "sha512-oJFu94HQb+KVduSUQL7wnpmqnfmLsOA/nAh6b6EH0wCEoK0/mPeXU6c3wKDV83MkOuHPRHtSXKKU99IBazS/2w==",
      "license": "0BSD"
    },
    "node_modules/tsx": {
      "version": "4.22.3",
      "resolved": "https://registry.npmjs.org/tsx/-/tsx-4.22.3.tgz",
      "integrity": "sha512-mdoNxBC/cSQObGGVQ5Bpn5i+yv7j68gk3Nfm3wFjcJg3Z0Mix9jzAFfP12prmm5eVGmDKtp0yyArrs0Q+8gZHg==",
      "dev": true,
      "license": "MIT",
      "dependencies": {
        "esbuild": "~0.28.0"
      },
      "bin": {
        "tsx": "dist/cli.mjs"
      },
      "engines": {
        "node": ">=18.0.0"
      },
      "optionalDependencies": {
        "fsevents": "~2.3.3"
      }
    },
    "node_modules/typescript": {
      "version": "5.9.3",
      "resolved": "https://registry.npmjs.org/typescript/-/typescript-5.9.3.tgz",
      "integrity": "sha512-jl1vZzPDinLr9eUt3J/t7V6FgNEw9QjvBPdysz9KfQDD41fQrC2Y4vKQdiaUpFT4bXlb1RHhLpp8wtm6M5TgSw==",
      "dev": true,
      "license": "Apache-2.0",
      "bin": {
        "tsc": "bin/tsc",
        "tsserver": "bin/tsserver"
      },
      "engines": {
        "node": ">=14.17"
      }
    },
    "node_modules/undici-types": {
      "version": "6.21.0",
      "resolved": "https://registry.npmjs.org/undici-types/-/undici-types-6.21.0.tgz",
      "integrity": "sha512-iwDZqg0QAGrg9Rav5H4n0M64c3mkR59cJ6wQp+7C4nI0gsmExaedaYLNO44eT4AtBBwjbTiGPMlt2Md0T9H9JQ==",
      "license": "MIT"
    },
    "node_modules/ws": {
      "version": "8.21.0",
      "resolved": "https://registry.npmjs.org/ws/-/ws-8.21.0.tgz",
      "integrity": "sha512-Vsp28b7DRcimFQvrqu2Wek3z1iYxDCWqHYB8Qsnk/S4RfaCQzPGPyBNuVjJV3cd6UiKtUtp6sNM77gWvzcCH+g==",
      "license": "MIT",
      "engines": {
        "node": ">=10.0.0"
      },
      "peerDependencies": {
        "bufferutil": "^4.0.1",
        "utf-8-validate": ">=5.0.2"
      },
      "peerDependenciesMeta": {
        "bufferutil": {
          "optional": true
        },
        "utf-8-validate": {
          "optional": true
        }
      }
    },
    "node_modules/xml-naming": {
      "version": "0.1.0",
      "resolved": "https://registry.npmjs.org/xml-naming/-/xml-naming-0.1.0.tgz",
      "integrity": "sha512-k8KO9hrMyNk6tUWqUfkTEZbezRRpONVOzUTnc97VnCvyj6Tf9lyUR9EDAIeiVLv56jsMcoXEwjW8Kv5yPY52lw==",
      "funding": [
        {
          "type": "github",
          "url": "https://github.com/sponsors/NaturalIntelligence"
        }
      ],
      "license": "MIT",
      "engines": {
        "node": ">=16.0.0"
      }
    }
  }
}
